{
  "name": "深拷贝",
  "lockfileVersion": 3,
  "requires": true,
  "packages": {
    "": {
      "dependencies": {
        "lmliheng-js": "^1.0.0"
      }
    },
    "node_modules/lmliheng-js": {
      "version": "1.0.1",
      "resolved": "https://registry.npmjs.org/lmliheng-js/-/lmliheng-js-1.0.1.tgz",
      "integrity": "sha512-mwO2zwfupNYkfwxHxhmDAnow5gNIKZnBfI6UA6eqOgUbSzyoHLzvKBAbjpfdR6w1Vagjn6zfxgc52ghJYr83SQ==",
      "license": "MIT"
    }
  }
}
