{
  "name": "countup.js",
  "lockfileVersion": 3,
  "requires": true,
  "packages": {
    "": {
      "dependencies": {
        "countup.js": "^2.10.0"
      }
    },
    "node_modules/countup.js": {
      "version": "2.10.0",
      "resolved": "https://registry.npmjs.org/countup.js/-/countup.js-2.10.0.tgz",
      "integrity": "sha512-QQpZx7oYxsR+OeITlZe46fY/OQjV11oBqjY8wgIXzLU2jIz8GzOrbMhqKLysGY8bWI3T1ZNrYkwGzKb4JNgyzg==",
      "license": "MIT"
    }
  }
}
